
Microsoft Visual Studio Solution File, Format Version 12.00
# Visual Studio Version 17
VisualStudioVersion = 17.5.002.0
MinimumVisualStudioVersion = 10.0.40219.1
Project("{9A19103F-16F7-4668-BE54-9A1E7A4F7556}") = "crossword-maker-cli", "crossword-maker-cli.csproj", "{1F684390-D8AB-44F2-A25F-3B196E048513}"
EndProject
Global
	GlobalSection(SolutionConfigurationPlatforms) = preSolution
		Debug|Any CPU = Debug|Any CPU
		Release|Any CPU = Release|Any CPU
	EndGlobalSection
	GlobalSection(ProjectConfigurationPlatforms) = postSolution
		{1F684390-D8AB-44F2-A25F-3B196E048513}.Debug|Any CPU.ActiveCfg = Debug|Any CPU
		{1F684390-D8AB-44F2-A25F-3B196E048513}.Debug|Any CPU.Build.0 = Debug|Any CPU
		{1F684390-D8AB-44F2-A25F-3B196E048513}.Release|Any CPU.ActiveCfg = Release|Any CPU
		{1F684390-D8AB-44F2-A25F-3B196E048513}.Release|Any CPU.Build.0 = Release|Any CPU
	EndGlobalSection
	GlobalSection(SolutionProperties) = preSolution
		HideSolutionNode = FALSE
	EndGlobalSection
	GlobalSection(ExtensibilityGlobals) = postSolution
		SolutionGuid = {6B50C458-1239-492F-8FEC-808A4FFDB8CA}
	EndGlobalSection
EndGlobal
